
Microsoft Visual Studio Solution File, Format Version 12.00
# Visual Studio Version 17
VisualStudioVersion = 17.6.33829.357
MinimumVisualStudioVersion = 10.0.40219.1
Project("{FAE04EC0-301F-11D3-BF4B-00C04F79EFBC}") = "WinFormsApp1", "WinFormsApp1.csproj", "{DDA26FC8-9855-4D72-8384-E2DF3C83122C}"
EndProject
Global
	GlobalSection(SolutionConfigurationPlatforms) = preSolution
		Debug|Any CPU = Debug|Any CPU
		Release|Any CPU = Release|Any CPU
	EndGlobalSection
	GlobalSection(ProjectConfigurationPlatforms) = postSolution
		{DDA26FC8-9855-4D72-8384-E2DF3C83122C}.Debug|Any CPU.ActiveCfg = Debug|Any CPU
		{DDA26FC8-9855-4D72-8384-E2DF3C83122C}.Debug|Any CPU.Build.0 = Debug|Any CPU
		{DDA26FC8-9855-4D72-8384-E2DF3C83122C}.Release|Any CPU.ActiveCfg = Release|Any CPU
		{DDA26FC8-9855-4D72-8384-E2DF3C83122C}.Release|Any CPU.Build.0 = Release|Any CPU
	EndGlobalSection
	GlobalSection(SolutionProperties) = preSolution
		HideSolutionNode = FALSE
	EndGlobalSection
	GlobalSection(ExtensibilityGlobals) = postSolution
		SolutionGuid = {C90BC784-AC00-413F-9523-E558050ADAC4}
	EndGlobalSection
EndGlobal
